PODS:
  - DeepmediKit (3.2.0):
    - GoogleMLKit/FaceDetection (= 8.0.0)
    - OpenCV (= 4.3.0)
    - RxCocoa (= 6.8.0)
    - RxSwift (= 6.8.0)
    - TensorFlowLiteSwift
    - Then (= 3.0.0)
  - GoogleDataTransport (10.1.0):
    - nanopb (~> 3.30910.0)
    - PromisesObjC (~> 2.4)
  - GoogleMLKit/FaceDetection (8.0.0):
    - GoogleMLKit/MLKitCore
    - MLKitFaceDetection (~> 7.0.0)
  - GoogleMLKit/MLKitCore (8.0.0):
    - MLKitCommon (~> 13.0.0)
  - GoogleToolboxForMac/Defines (4.2.1)
  - GoogleToolboxForMac/Logger (4.2.1):
    - GoogleToolboxForMac/Defines (= 4.2.1)
  - "GoogleToolboxForMac/NSData+zlib (4.2.1)":
    - GoogleToolboxForMac/Defines (= 4.2.1)
  - GoogleUtilities/Environment (8.1.1):
    - GoogleUtilities/Privacy
  - GoogleUtilities/Logger (8.1.1):
    - GoogleUtilities/Environment
    - GoogleUtilities/Privacy
  - GoogleUtilities/Privacy (8.1.1)
  - GoogleUtilities/UserDefaults (8.1.1):
    - GoogleUtilities/Logger
    - GoogleUtilities/Privacy
  - GTMSessionFetcher/Core (3.5.0)
  - MLImage (1.0.0-beta7)
  - MLKitCommon (13.0.0):
    - GoogleDataTransport (~> 10.0)
    - GoogleToolboxForMac/Logger (< 5.0, >= 4.2.1)
    - "GoogleToolboxForMac/NSData+zlib (< 5.0, >= 4.2.1)"
    - GoogleUtilities/Logger (~> 8.0)
    - GoogleUtilities/UserDefaults (~> 8.0)
    - GTMSessionFetcher/Core (< 4.0, >= 3.3.2)
  - MLKitFaceDetection (7.0.0):
    - MLKitCommon (~> 13.0)
    - MLKitVision (~> 9.0)
  - MLKitVision (9.0.0):
    - GoogleToolboxForMac/Logger (< 5.0, >= 4.2.1)
    - "GoogleToolboxForMac/NSData+zlib (< 5.0, >= 4.2.1)"
    - GTMSessionFetcher/Core (< 4.0, >= 3.3.2)
    - MLImage (= 1.0.0-beta7)
    - MLKitCommon (~> 13.0)
  - nanopb (3.30910.0):
    - nanopb/decode (= 3.30910.0)
    - nanopb/encode (= 3.30910.0)
  - nanopb/decode (3.30910.0)
  - nanopb/encode (3.30910.0)
  - OpenCV (4.3.0)
  - PromisesObjC (2.4.1)
  - RxCocoa (6.8.0):
    - RxRelay (= 6.8.0)
    - RxSwift (= 6.8.0)
  - RxRelay (6.8.0):
    - RxSwift (= 6.8.0)
  - RxSwift (6.8.0)
  - TensorFlowLiteC (2.17.0):
    - TensorFlowLiteC/Core (= 2.17.0)
  - TensorFlowLiteC/Core (2.17.0)
  - TensorFlowLiteSwift (2.17.0):
    - TensorFlowLiteSwift/Core (= 2.17.0)
  - TensorFlowLiteSwift/Core (2.17.0):
    - TensorFlowLiteC (= 2.17.0)
    - TensorFlowLiteSwift/Privacy (= 2.17.0)
  - TensorFlowLiteSwift/Privacy (2.17.0)
  - Then (3.0.0)

DEPENDENCIES:
  - DeepmediKit (from `../`)

SPEC REPOS:
  trunk:
    - GoogleDataTransport
    - GoogleMLKit
    - GoogleToolboxForMac
    - GoogleUtilities
    - GTMSessionFetcher
    - MLImage
    - MLKitCommon
    - MLKitFaceDetection
    - MLKitVision
    - nanopb
    - OpenCV
    - PromisesObjC
    - RxCocoa
    - RxRelay
    - RxSwift
    - TensorFlowLiteC
    - TensorFlowLiteSwift
    - Then

EXTERNAL SOURCES:
  DeepmediKit:
    :path: "../"

SPEC CHECKSUMS:
  DeepmediKit: cb7751b66b93055e5dbf3033ae29ef515fc1143e
  GoogleDataTransport: aae35b7ea0c09004c3797d53c8c41f66f219d6a7
  GoogleMLKit: ddd51d7dff36ff28defa69afedd9cdce684fd857
  GoogleToolboxForMac: d1a2cbf009c453f4d6ded37c105e2f67a32206d8
  GoogleUtilities: 4f2618a4a1e762a1ee134a1e2323bba9843e06da
  GTMSessionFetcher: 5aea5ba6bd522a239e236100971f10cb71b96ab6
  MLImage: 2ab9c968e75f57911c16f4c9d9e8a8e9604a86a1
  MLKitCommon: 26b779f072a182c1603d4c88a101c350cac837b1
  MLKitFaceDetection: d50aff1a44aa9a4e95f7e208298a3ce40b68f9f8
  MLKitVision: fa8dea9012ac59497c79ddbe9ebf32051047ac4c
  nanopb: fad817b59e0457d11a5dfbde799381cd727c1275
  OpenCV: 681e0451c1e54c5930a8922277f817ed5d5ab459
  PromisesObjC: 752c3227f599e3467650e47ea36f433eeb10c273
  RxCocoa: 2d33c1e1e5d66492052ad46b11024ae287572880
  RxRelay: 335c78b926a2aea8d863a6d25f1ed3b5ad8e8705
  RxSwift: 4e28be97cbcfeee614af26d83415febbf2bf6f45
  TensorFlowLiteC: eac6d689a8d391d1b202dc59e3d9165ba64aaf73
  TensorFlowLiteSwift: 723fe42222815e72490c79feeff05305530de393
  Then: 844265ae87834bbe1147d91d5d41a404da2ec27d

PODFILE CHECKSUM: 8e2d922901a2f0e817d790b1a4ed0347d5047c95

COCOAPODS: 1.16.2
